
Microsoft Visual Studio Solution File, Format Version 12.00
# Visual Studio Version 17
VisualStudioVersion = 17.7.34031.279
MinimumVisualStudioVersion = 10.0.40219.1
Project("{FAE04EC0-301F-11D3-BF4B-00C04F79EFBC}") = "firstProject", "firstProject\firstProject.csproj", "{2DF0A9B8-5308-4C75-B968-DE30788EE002}"
EndProject
Global
	GlobalSection(SolutionConfigurationPlatforms) = preSolution
		Debug|ARM = Debug|ARM
		Debug|ARM64 = Debug|ARM64
		Debug|x64 = Debug|x64
		Debug|x86 = Debug|x86
		Release|ARM = Release|ARM
		Release|ARM64 = Release|ARM64
		Release|x64 = Release|x64
		Release|x86 = Release|x86
	EndGlobalSection
	GlobalSection(ProjectConfigurationPlatforms) = postSolution
		{2DF0A9B8-5308-4C75-B968-DE30788EE002}.Debug|ARM.ActiveCfg = Debug|ARM
		{2DF0A9B8-5308-4C75-B968-DE30788EE002}.Debug|ARM.Build.0 = Debug|ARM
		{2DF0A9B8-5308-4C75-B968-DE30788EE002}.Debug|ARM.Deploy.0 = Debug|ARM
		{2DF0A9B8-5308-4C75-B968-DE30788EE002}.Debug|ARM64.ActiveCfg = Debug|ARM64
		{2DF0A9B8-5308-4C75-B968-DE30788EE002}.Debug|ARM64.Build.0 = Debug|ARM64
		{2DF0A9B8-5308-4C75-B968-DE30788EE002}.Debug|ARM64.Deploy.0 = Debug|ARM64
		{2DF0A9B8-5308-4C75-B968-DE30788EE002}.Debug|x64.ActiveCfg = Debug|x64
		{2DF0A9B8-5308-4C75-B968-DE30788EE002}.Debug|x64.Build.0 = Debug|x64
		{2DF0A9B8-5308-4C75-B968-DE30788EE002}.Debug|x64.Deploy.0 = Debug|x64
		{2DF0A9B8-5308-4C75-B968-DE30788EE002}.Debug|x86.ActiveCfg = Debug|x86
		{2DF0A9B8-5308-4C75-B968-DE30788EE002}.Debug|x86.Build.0 = Debug|x86
		{2DF0A9B8-5308-4C75-B968-DE30788EE002}.Debug|x86.Deploy.0 = Debug|x86
		{2DF0A9B8-5308-4C75-B968-DE30788EE002}.Release|ARM.ActiveCfg = Release|ARM
		{2DF0A9B8-5308-4C75-B968-DE30788EE002}.Release|ARM.Build.0 = Release|ARM
		{2DF0A9B8-5308-4C75-B968-DE30788EE002}.Release|ARM.Deploy.0 = Release|ARM
		{2DF0A9B8-5308-4C75-B968-DE30788EE002}.Release|ARM64.ActiveCfg = Release|ARM64
		{2DF0A9B8-5308-4C75-B968-DE30788EE002}.Release|ARM64.Build.0 = Release|ARM64
		{2DF0A9B8-5308-4C75-B968-DE30788EE002}.Release|ARM64.Deploy.0 = Release|ARM64
		{2DF0A9B8-5308-4C75-B968-DE30788EE002}.Release|x64.ActiveCfg = Release|x64
		{2DF0A9B8-5308-4C75-B968-DE30788EE002}.Release|x64.Build.0 = Release|x64
		{2DF0A9B8-5308-4C75-B968-DE30788EE002}.Release|x64.Deploy.0 = Release|x64
		{2DF0A9B8-5308-4C75-B968-DE30788EE002}.Release|x86.ActiveCfg = Release|x86
		{2DF0A9B8-5308-4C75-B968-DE30788EE002}.Release|x86.Build.0 = Release|x86
		{2DF0A9B8-5308-4C75-B968-DE30788EE002}.Release|x86.Deploy.0 = Release|x86
	EndGlobalSection
	GlobalSection(SolutionProperties) = preSolution
		HideSolutionNode = FALSE
	EndGlobalSection
	GlobalSection(ExtensibilityGlobals) = postSolution
		SolutionGuid = {AB1C8A17-E315-4641-A31F-7EE500A3CC83}
	EndGlobalSection
EndGlobal
